
Microsoft Visual Studio Solution File, Format Version 12.00
# Visual Studio 15
VisualStudioVersion = 15.0.28307.779
MinimumVisualStudioVersion = 10.0.40219.1
Project("{FAE04EC0-301F-11D3-BF4B-00C04F79EFBC}") = "Blog.DAL", "DAL\Blog.DAL.csproj", "{BAA79FB8-5302-4927-96AA-6D468959B1C6}"
EndProject
Project("{FAE04EC0-301F-11D3-BF4B-00C04F79EFBC}") = "Blog.Model", "Model\Blog.Model.csproj", "{D0A2BEFE-3972-4DD1-BD5E-9DB486D3A86C}"
EndProject
Project("{FAE04EC0-301F-11D3-BF4B-00C04F79EFBC}") = "Blog.BLL", "BLL\Blog.BLL.csproj", "{81926A6C-88E7-4E5A-ACA5-EE372E908781}"
EndProject
Project("{FAE04EC0-301F-11D3-BF4B-00C04F79EFBC}") = "Blog.Common", "Common\Blog.Common.csproj", "{B705C05C-4597-4467-90AA-B6F9BB808A2A}"
EndProject
Project("{FAE04EC0-301F-11D3-BF4B-00C04F79EFBC}") = "Blog.IDAL", "IDAL\Blog.IDAL.csproj", "{653CC2E6-DCB0-4DE4-87BC-BE536AF91EF9}"
EndProject
Project("{FAE04EC0-301F-11D3-BF4B-00C04F79EFBC}") = "Blog.IBLL", "IBLL\Blog.IBLL.csproj", "{19A524B2-5166-4409-B9EF-4F2C6DF2F3E4}"
EndProject
Project("{FAE04EC0-301F-11D3-BF4B-00C04F79EFBC}") = "Blog.Test", "Test\Blog.Test.csproj", "{9D5E3B0D-2D31-4F7E-B289-577CC75F5309}"
EndProject
Project("{FAE04EC0-301F-11D3-BF4B-00C04F79EFBC}") = "Blog.UI.Portal", "Bolg.UI.Portal\Blog.UI.Portal.csproj", "{05564B67-3D42-4CBD-8A98-A1DC0A15133D}"
EndProject
Project("{FAE04EC0-301F-11D3-BF4B-00C04F79EFBC}") = "Blog.DALFactory", "Bolg,DALFactory\Blog.DALFactory.csproj", "{B6720DE8-22EC-4D5C-A2A5-721BC4712D91}"
EndProject
Project("{2150E333-8FDC-42A3-9474-1A3956D46DE8}") = "packages", "packages", "{83E07E4F-8642-4013-9EFC-45075BD6486A}"
EndProject
Global
	GlobalSection(SolutionConfigurationPlatforms) = preSolution
		Debug|Any CPU = Debug|Any CPU
		Debug|ARM = Debug|ARM
		Debug|ARM64 = Debug|ARM64
		Debug|x64 = Debug|x64
		Debug|x86 = Debug|x86
		Release|Any CPU = Release|Any CPU
		Release|ARM = Release|ARM
		Release|ARM64 = Release|ARM64
		Release|x64 = Release|x64
		Release|x86 = Release|x86
	EndGlobalSection
	GlobalSection(ProjectConfigurationPlatforms) = postSolution
		{BAA79FB8-5302-4927-96AA-6D468959B1C6}.Debug|Any CPU.ActiveCfg = Debug|Any CPU
		{BAA79FB8-5302-4927-96AA-6D468959B1C6}.Debug|Any CPU.Build.0 = Debug|Any CPU
		{BAA79FB8-5302-4927-96AA-6D468959B1C6}.Debug|ARM.ActiveCfg = Debug|Any CPU
		{BAA79FB8-5302-4927-96AA-6D468959B1C6}.Debug|ARM.Build.0 = Debug|Any CPU
		{BAA79FB8-5302-4927-96AA-6D468959B1C6}.Debug|ARM64.ActiveCfg = Debug|Any CPU
		{BAA79FB8-5302-4927-96AA-6D468959B1C6}.Debug|ARM64.Build.0 = Debug|Any CPU
		{BAA79FB8-5302-4927-96AA-6D468959B1C6}.Debug|x64.ActiveCfg = Debug|Any CPU
		{BAA79FB8-5302-4927-96AA-6D468959B1C6}.Debug|x64.Build.0 = Debug|Any CPU
		{BAA79FB8-5302-4927-96AA-6D468959B1C6}.Debug|x86.ActiveCfg = Debug|Any CPU
		{BAA79FB8-5302-4927-96AA-6D468959B1C6}.Debug|x86.Build.0 = Debug|Any CPU
		{BAA79FB8-5302-4927-96AA-6D468959B1C6}.Release|Any CPU.ActiveCfg = Release|Any CPU
		{BAA79FB8-5302-4927-96AA-6D468959B1C6}.Release|Any CPU.Build.0 = Release|Any CPU
		{BAA79FB8-5302-4927-96AA-6D468959B1C6}.Release|ARM.ActiveCfg = Release|Any CPU
		{BAA79FB8-5302-4927-96AA-6D468959B1C6}.Release|ARM.Build.0 = Release|Any CPU
		{BAA79FB8-5302-4927-96AA-6D468959B1C6}.Release|ARM64.ActiveCfg = Release|Any CPU
		{BAA79FB8-5302-4927-96AA-6D468959B1C6}.Release|ARM64.Build.0 = Release|Any CPU
		{BAA79FB8-5302-4927-96AA-6D468959B1C6}.Release|x64.ActiveCfg = Release|Any CPU
		{BAA79FB8-5302-4927-96AA-6D468959B1C6}.Release|x64.Build.0 = Release|Any CPU
		{BAA79FB8-5302-4927-96AA-6D468959B1C6}.Release|x86.ActiveCfg = Release|Any CPU
		{BAA79FB8-5302-4927-96AA-6D468959B1C6}.Release|x86.Build.0 = Release|Any CPU
		{D0A2BEFE-3972-4DD1-BD5E-9DB486D3A86C}.Debug|Any CPU.ActiveCfg = Debug|Any CPU
		{D0A2BEFE-3972-4DD1-BD5E-9DB486D3A86C}.Debug|Any CPU.Build.0 = Debug|Any CPU
		{D0A2BEFE-3972-4DD1-BD5E-9DB486D3A86C}.Debug|ARM.ActiveCfg = Debug|Any CPU
		{D0A2BEFE-3972-4DD1-BD5E-9DB486D3A86C}.Debug|ARM.Build.0 = Debug|Any CPU
		{D0A2BEFE-3972-4DD1-BD5E-9DB486D3A86C}.Debug|ARM64.ActiveCfg = Debug|Any CPU
		{D0A2BEFE-3972-4DD1-BD5E-9DB486D3A86C}.Debug|ARM64.Build.0 = Debug|Any CPU
		{D0A2BEFE-3972-4DD1-BD5E-9DB486D3A86C}.Debug|x64.ActiveCfg = Debug|Any CPU
		{D0A2BEFE-3972-4DD1-BD5E-9DB486D3A86C}.Debug|x64.Build.0 = Debug|Any CPU
		{D0A2BEFE-3972-4DD1-BD5E-9DB486D3A86C}.Debug|x86.ActiveCfg = Debug|Any CPU
		{D0A2BEFE-3972-4DD1-BD5E-9DB486D3A86C}.Debug|x86.Build.0 = Debug|Any CPU
		{D0A2BEFE-3972-4DD1-BD5E-9DB486D3A86C}.Release|Any CPU.ActiveCfg = Release|Any CPU
		{D0A2BEFE-3972-4DD1-BD5E-9DB486D3A86C}.Release|Any CPU.Build.0 = Release|Any CPU
		{D0A2BEFE-3972-4DD1-BD5E-9DB486D3A86C}.Release|ARM.ActiveCfg = Release|Any CPU
		{D0A2BEFE-3972-4DD1-BD5E-9DB486D3A86C}.Release|ARM.Build.0 = Release|Any CPU
		{D0A2BEFE-3972-4DD1-BD5E-9DB486D3A86C}.Release|ARM64.ActiveCfg = Release|Any CPU
		{D0A2BEFE-3972-4DD1-BD5E-9DB486D3A86C}.Release|ARM64.Build.0 = Release|Any CPU
		{D0A2BEFE-3972-4DD1-BD5E-9DB486D3A86C}.Release|x64.ActiveCfg = Release|Any CPU
		{D0A2BEFE-3972-4DD1-BD5E-9DB486D3A86C}.Release|x64.Build.0 = Release|Any CPU
		{D0A2BEFE-3972-4DD1-BD5E-9DB486D3A86C}.Release|x86.ActiveCfg = Release|Any CPU
		{D0A2BEFE-3972-4DD1-BD5E-9DB486D3A86C}.Release|x86.Build.0 = Release|Any CPU
		{81926A6C-88E7-4E5A-ACA5-EE372E908781}.Debug|Any CPU.ActiveCfg = Debug|Any CPU
		{81926A6C-88E7-4E5A-ACA5-EE372E908781}.Debug|Any CPU.Build.0 = Debug|Any CPU
		{81926A6C-88E7-4E5A-ACA5-EE372E908781}.Debug|ARM.ActiveCfg = Debug|Any CPU
		{81926A6C-88E7-4E5A-ACA5-EE372E908781}.Debug|ARM.Build.0 = Debug|Any CPU
		{81926A6C-88E7-4E5A-ACA5-EE372E908781}.Debug|ARM64.ActiveCfg = Debug|Any CPU
		{81926A6C-88E7-4E5A-ACA5-EE372E908781}.Debug|ARM64.Build.0 = Debug|Any CPU
		{81926A6C-88E7-4E5A-ACA5-EE372E908781}.Debug|x64.ActiveCfg = Debug|Any CPU
		{81926A6C-88E7-4E5A-ACA5-EE372E908781}.Debug|x64.Build.0 = Debug|Any CPU
		{81926A6C-88E7-4E5A-ACA5-EE372E908781}.Debug|x86.ActiveCfg = Debug|Any CPU
		{81926A6C-88E7-4E5A-ACA5-EE372E908781}.Debug|x86.Build.0 = Debug|Any CPU
		{81926A6C-88E7-4E5A-ACA5-EE372E908781}.Release|Any CPU.ActiveCfg = Release|Any CPU
		{81926A6C-88E7-4E5A-ACA5-EE372E908781}.Release|Any CPU.Build.0 = Release|Any CPU
		{81926A6C-88E7-4E5A-ACA5-EE372E908781}.Release|ARM.ActiveCfg = Release|Any CPU
		{81926A6C-88E7-4E5A-ACA5-EE372E908781}.Release|ARM.Build.0 = Release|Any CPU
		{81926A6C-88E7-4E5A-ACA5-EE372E908781}.Release|ARM64.ActiveCfg = Release|Any CPU
		{81926A6C-88E7-4E5A-ACA5-EE372E908781}.Release|ARM64.Build.0 = Release|Any CPU
		{81926A6C-88E7-4E5A-ACA5-EE372E908781}.Release|x64.ActiveCfg = Release|Any CPU
		{81926A6C-88E7-4E5A-ACA5-EE372E908781}.Release|x64.Build.0 = Release|Any CPU
		{81926A6C-88E7-4E5A-ACA5-EE372E908781}.Release|x86.ActiveCfg = Release|Any CPU
		{81926A6C-88E7-4E5A-ACA5-EE372E908781}.Release|x86.Build.0 = Release|Any CPU
		{B705C05C-4597-4467-90AA-B6F9BB808A2A}.Debug|Any CPU.ActiveCfg = Debug|Any CPU
		{B705C05C-4597-4467-90AA-B6F9BB808A2A}.Debug|Any CPU.Build.0 = Debug|Any CPU
		{B705C05C-4597-4467-90AA-B6F9BB808A2A}.Debug|ARM.ActiveCfg = Debug|Any CPU
		{B705C05C-4597-4467-90AA-B6F9BB808A2A}.Debug|ARM.Build.0 = Debug|Any CPU
		{B705C05C-4597-4467-90AA-B6F9BB808A2A}.Debug|ARM64.ActiveCfg = Debug|Any CPU
		{B705C05C-4597-4467-90AA-B6F9BB808A2A}.Debug|ARM64.Build.0 = Debug|Any CPU
		{B705C05C-4597-4467-90AA-B6F9BB808A2A}.Debug|x64.ActiveCfg = Debug|Any CPU
		{B705C05C-4597-4467-90AA-B6F9BB808A2A}.Debug|x64.Build.0 = Debug|Any CPU
		{B705C05C-4597-4467-90AA-B6F9BB808A2A}.Debug|x86.ActiveCfg = Debug|Any CPU
		{B705C05C-4597-4467-90AA-B6F9BB808A2A}.Debug|x86.Build.0 = Debug|Any CPU
		{B705C05C-4597-4467-90AA-B6F9BB808A2A}.Release|Any CPU.ActiveCfg = Release|Any CPU
		{B705C05C-4597-4467-90AA-B6F9BB808A2A}.Release|Any CPU.Build.0 = Release|Any CPU
		{B705C05C-4597-4467-90AA-B6F9BB808A2A}.Release|ARM.ActiveCfg = Release|Any CPU
		{B705C05C-4597-4467-90AA-B6F9BB808A2A}.Release|ARM.Build.0 = Release|Any CPU
		{B705C05C-4597-4467-90AA-B6F9BB808A2A}.Release|ARM64.ActiveCfg = Release|Any CPU
		{B705C05C-4597-4467-90AA-B6F9BB808A2A}.Release|ARM64.Build.0 = Release|Any CPU
		{B705C05C-4597-4467-90AA-B6F9BB808A2A}.Release|x64.ActiveCfg = Release|Any CPU
		{B705C05C-4597-4467-90AA-B6F9BB808A2A}.Release|x64.Build.0 = Release|Any CPU
		{B705C05C-4597-4467-90AA-B6F9BB808A2A}.Release|x86.ActiveCfg = Release|Any CPU
		{B705C05C-4597-4467-90AA-B6F9BB808A2A}.Release|x86.Build.0 = Release|Any CPU
		{653CC2E6-DCB0-4DE4-87BC-BE536AF91EF9}.Debug|Any CPU.ActiveCfg = Debug|Any CPU
		{653CC2E6-DCB0-4DE4-87BC-BE536AF91EF9}.Debug|Any CPU.Build.0 = Debug|Any CPU
		{653CC2E6-DCB0-4DE4-87BC-BE536AF91EF9}.Debug|ARM.ActiveCfg = Debug|Any CPU
		{653CC2E6-DCB0-4DE4-87BC-BE536AF91EF9}.Debug|ARM.Build.0 = Debug|Any CPU
		{653CC2E6-DCB0-4DE4-87BC-BE536AF91EF9}.Debug|ARM64.ActiveCfg = Debug|Any CPU
		{653CC2E6-DCB0-4DE4-87BC-BE536AF91EF9}.Debug|ARM64.Build.0 = Debug|Any CPU
		{653CC2E6-DCB0-4DE4-87BC-BE536AF91EF9}.Debug|x64.ActiveCfg = Debug|Any CPU
		{653CC2E6-DCB0-4DE4-87BC-BE536AF91EF9}.Debug|x64.Build.0 = Debug|Any CPU
		{653CC2E6-DCB0-4DE4-87BC-BE536AF91EF9}.Debug|x86.ActiveCfg = Debug|Any CPU
		{653CC2E6-DCB0-4DE4-87BC-BE536AF91EF9}.Debug|x86.Build.0 = Debug|Any CPU
		{653CC2E6-DCB0-4DE4-87BC-BE536AF91EF9}.Release|Any CPU.ActiveCfg = Release|Any CPU
		{653CC2E6-DCB0-4DE4-87BC-BE536AF91EF9}.Release|Any CPU.Build.0 = Release|Any CPU
		{653CC2E6-DCB0-4DE4-87BC-BE536AF91EF9}.Release|ARM.ActiveCfg = Release|Any CPU
		{653CC2E6-DCB0-4DE4-87BC-BE536AF91EF9}.Release|ARM.Build.0 = Release|Any CPU
		{653CC2E6-DCB0-4DE4-87BC-BE536AF91EF9}.Release|ARM64.ActiveCfg = Release|Any CPU
		{653CC2E6-DCB0-4DE4-87BC-BE536AF91EF9}.Release|ARM64.Build.0 = Release|Any CPU
		{653CC2E6-DCB0-4DE4-87BC-BE536AF91EF9}.Release|x64.ActiveCfg = Release|Any CPU
		{653CC2E6-DCB0-4DE4-87BC-BE536AF91EF9}.Release|x64.Build.0 = Release|Any CPU
		{653CC2E6-DCB0-4DE4-87BC-BE536AF91EF9}.Release|x86.ActiveCfg = Release|Any CPU
		{653CC2E6-DCB0-4DE4-87BC-BE536AF91EF9}.Release|x86.Build.0 = Release|Any CPU
		{19A524B2-5166-4409-B9EF-4F2C6DF2F3E4}.Debug|Any CPU.ActiveCfg = Debug|Any CPU
		{19A524B2-5166-4409-B9EF-4F2C6DF2F3E4}.Debug|Any CPU.Build.0 = Debug|Any CPU
		{19A524B2-5166-4409-B9EF-4F2C6DF2F3E4}.Debug|ARM.ActiveCfg = Debug|Any CPU
		{19A524B2-5166-4409-B9EF-4F2C6DF2F3E4}.Debug|ARM.Build.0 = Debug|Any CPU
		{19A524B2-5166-4409-B9EF-4F2C6DF2F3E4}.Debug|ARM64.ActiveCfg = Debug|Any CPU
		{19A524B2-5166-4409-B9EF-4F2C6DF2F3E4}.Debug|ARM64.Build.0 = Debug|Any CPU
		{19A524B2-5166-4409-B9EF-4F2C6DF2F3E4}.Debug|x64.ActiveCfg = Debug|Any CPU
		{19A524B2-5166-4409-B9EF-4F2C6DF2F3E4}.Debug|x64.Build.0 = Debug|Any CPU
		{19A524B2-5166-4409-B9EF-4F2C6DF2F3E4}.Debug|x86.ActiveCfg = Debug|Any CPU
		{19A524B2-5166-4409-B9EF-4F2C6DF2F3E4}.Debug|x86.Build.0 = Debug|Any CPU
		{19A524B2-5166-4409-B9EF-4F2C6DF2F3E4}.Release|Any CPU.ActiveCfg = Release|Any CPU
		{19A524B2-5166-4409-B9EF-4F2C6DF2F3E4}.Release|Any CPU.Build.0 = Release|Any CPU
		{19A524B2-5166-4409-B9EF-4F2C6DF2F3E4}.Release|ARM.ActiveCfg = Release|Any CPU
		{19A524B2-5166-4409-B9EF-4F2C6DF2F3E4}.Release|ARM.Build.0 = Release|Any CPU
		{19A524B2-5166-4409-B9EF-4F2C6DF2F3E4}.Release|ARM64.ActiveCfg = Release|Any CPU
		{19A524B2-5166-4409-B9EF-4F2C6DF2F3E4}.Release|ARM64.Build.0 = Release|Any CPU
		{19A524B2-5166-4409-B9EF-4F2C6DF2F3E4}.Release|x64.ActiveCfg = Release|Any CPU
		{19A524B2-5166-4409-B9EF-4F2C6DF2F3E4}.Release|x64.Build.0 = Release|Any CPU
		{19A524B2-5166-4409-B9EF-4F2C6DF2F3E4}.Release|x86.ActiveCfg = Release|Any CPU
		{19A524B2-5166-4409-B9EF-4F2C6DF2F3E4}.Release|x86.Build.0 = Release|Any CPU
		{9D5E3B0D-2D31-4F7E-B289-577CC75F5309}.Debug|Any CPU.ActiveCfg = Debug|Any CPU
		{9D5E3B0D-2D31-4F7E-B289-577CC75F5309}.Debug|Any CPU.Build.0 = Debug|Any CPU
		{9D5E3B0D-2D31-4F7E-B289-577CC75F5309}.Debug|ARM.ActiveCfg = Debug|Any CPU
		{9D5E3B0D-2D31-4F7E-B289-577CC75F5309}.Debug|ARM.Build.0 = Debug|Any CPU
		{9D5E3B0D-2D31-4F7E-B289-577CC75F5309}.Debug|ARM64.ActiveCfg = Debug|Any CPU
		{9D5E3B0D-2D31-4F7E-B289-577CC75F5309}.Debug|ARM64.Build.0 = Debug|Any CPU
		{9D5E3B0D-2D31-4F7E-B289-577CC75F5309}.Debug|x64.ActiveCfg = Debug|Any CPU
		{9D5E3B0D-2D31-4F7E-B289-577CC75F5309}.Debug|x64.Build.0 = Debug|Any CPU
		{9D5E3B0D-2D31-4F7E-B289-577CC75F5309}.Debug|x86.ActiveCfg = Debug|Any CPU
		{9D5E3B0D-2D31-4F7E-B289-577CC75F5309}.Debug|x86.Build.0 = Debug|Any CPU
		{9D5E3B0D-2D31-4F7E-B289-577CC75F5309}.Release|Any CPU.ActiveCfg = Release|Any CPU
		{9D5E3B0D-2D31-4F7E-B289-577CC75F5309}.Release|Any CPU.Build.0 = Release|Any CPU
		{9D5E3B0D-2D31-4F7E-B289-577CC75F5309}.Release|ARM.ActiveCfg = Release|Any CPU
		{9D5E3B0D-2D31-4F7E-B289-577CC75F5309}.Release|ARM.Build.0 = Release|Any CPU
		{9D5E3B0D-2D31-4F7E-B289-577CC75F5309}.Release|ARM64.ActiveCfg = Release|Any CPU
		{9D5E3B0D-2D31-4F7E-B289-577CC75F5309}.Release|ARM64.Build.0 = Release|Any CPU
		{9D5E3B0D-2D31-4F7E-B289-577CC75F5309}.Release|x64.ActiveCfg = Release|Any CPU
		{9D5E3B0D-2D31-4F7E-B289-577CC75F5309}.Release|x64.Build.0 = Release|Any CPU
		{9D5E3B0D-2D31-4F7E-B289-577CC75F5309}.Release|x86.ActiveCfg = Release|Any CPU
		{9D5E3B0D-2D31-4F7E-B289-577CC75F5309}.Release|x86.Build.0 = Release|Any CPU
		{05564B67-3D42-4CBD-8A98-A1DC0A15133D}.Debug|Any CPU.ActiveCfg = Debug|Any CPU
		{05564B67-3D42-4CBD-8A98-A1DC0A15133D}.Debug|Any CPU.Build.0 = Debug|Any CPU
		{05564B67-3D42-4CBD-8A98-A1DC0A15133D}.Debug|ARM.ActiveCfg = Debug|Any CPU
		{05564B67-3D42-4CBD-8A98-A1DC0A15133D}.Debug|ARM.Build.0 = Debug|Any CPU
		{05564B67-3D42-4CBD-8A98-A1DC0A15133D}.Debug|ARM64.ActiveCfg = Debug|Any CPU
		{05564B67-3D42-4CBD-8A98-A1DC0A15133D}.Debug|ARM64.Build.0 = Debug|Any CPU
		{05564B67-3D42-4CBD-8A98-A1DC0A15133D}.Debug|x64.ActiveCfg = Debug|Any CPU
		{05564B67-3D42-4CBD-8A98-A1DC0A15133D}.Debug|x64.Build.0 = Debug|Any CPU
		{05564B67-3D42-4CBD-8A98-A1DC0A15133D}.Debug|x86.ActiveCfg = Debug|Any CPU
		{05564B67-3D42-4CBD-8A98-A1DC0A15133D}.Debug|x86.Build.0 = Debug|Any CPU
		{05564B67-3D42-4CBD-8A98-A1DC0A15133D}.Release|Any CPU.ActiveCfg = Release|Any CPU
		{05564B67-3D42-4CBD-8A98-A1DC0A15133D}.Release|Any CPU.Build.0 = Release|Any CPU
		{05564B67-3D42-4CBD-8A98-A1DC0A15133D}.Release|ARM.ActiveCfg = Release|Any CPU
		{05564B67-3D42-4CBD-8A98-A1DC0A15133D}.Release|ARM.Build.0 = Release|Any CPU
		{05564B67-3D42-4CBD-8A98-A1DC0A15133D}.Release|ARM64.ActiveCfg = Release|Any CPU
		{05564B67-3D42-4CBD-8A98-A1DC0A15133D}.Release|ARM64.Build.0 = Release|Any CPU
		{05564B67-3D42-4CBD-8A98-A1DC0A15133D}.Release|x64.ActiveCfg = Release|Any CPU
		{05564B67-3D42-4CBD-8A98-A1DC0A15133D}.Release|x64.Build.0 = Release|Any CPU
		{05564B67-3D42-4CBD-8A98-A1DC0A15133D}.Release|x86.ActiveCfg = Release|Any CPU
		{05564B67-3D42-4CBD-8A98-A1DC0A15133D}.Release|x86.Build.0 = Release|Any CPU
		{B6720DE8-22EC-4D5C-A2A5-721BC4712D91}.Debug|Any CPU.ActiveCfg = Debug|Any CPU
		{B6720DE8-22EC-4D5C-A2A5-721BC4712D91}.Debug|Any CPU.Build.0 = Debug|Any CPU
		{B6720DE8-22EC-4D5C-A2A5-721BC4712D91}.Debug|ARM.ActiveCfg = Debug|Any CPU
		{B6720DE8-22EC-4D5C-A2A5-721BC4712D91}.Debug|ARM.Build.0 = Debug|Any CPU
		{B6720DE8-22EC-4D5C-A2A5-721BC4712D91}.Debug|ARM64.ActiveCfg = Debug|Any CPU
		{B6720DE8-22EC-4D5C-A2A5-721BC4712D91}.Debug|ARM64.Build.0 = Debug|Any CPU
		{B6720DE8-22EC-4D5C-A2A5-721BC4712D91}.Debug|x64.ActiveCfg = Debug|Any CPU
		{B6720DE8-22EC-4D5C-A2A5-721BC4712D91}.Debug|x64.Build.0 = Debug|Any CPU
		{B6720DE8-22EC-4D5C-A2A5-721BC4712D91}.Debug|x86.ActiveCfg = Debug|Any CPU
		{B6720DE8-22EC-4D5C-A2A5-721BC4712D91}.Debug|x86.Build.0 = Debug|Any CPU
		{B6720DE8-22EC-4D5C-A2A5-721BC4712D91}.Release|Any CPU.ActiveCfg = Release|Any CPU
		{B6720DE8-22EC-4D5C-A2A5-721BC4712D91}.Release|Any CPU.Build.0 = Release|Any CPU
		{B6720DE8-22EC-4D5C-A2A5-721BC4712D91}.Release|ARM.ActiveCfg = Release|Any CPU
		{B6720DE8-22EC-4D5C-A2A5-721BC4712D91}.Release|ARM.Build.0 = Release|Any CPU
		{B6720DE8-22EC-4D5C-A2A5-721BC4712D91}.Release|ARM64.ActiveCfg = Release|Any CPU
		{B6720DE8-22EC-4D5C-A2A5-721BC4712D91}.Release|ARM64.Build.0 = Release|Any CPU
		{B6720DE8-22EC-4D5C-A2A5-721BC4712D91}.Release|x64.ActiveCfg = Release|Any CPU
		{B6720DE8-22EC-4D5C-A2A5-721BC4712D91}.Release|x64.Build.0 = Release|Any CPU
		{B6720DE8-22EC-4D5C-A2A5-721BC4712D91}.Release|x86.ActiveCfg = Release|Any CPU
		{B6720DE8-22EC-4D5C-A2A5-721BC4712D91}.Release|x86.Build.0 = Release|Any CPU
	EndGlobalSection
	GlobalSection(SolutionProperties) = preSolution
		HideSolutionNode = FALSE
	EndGlobalSection
	GlobalSection(ExtensibilityGlobals) = postSolution
		SolutionGuid = {A5CC0885-217B-480E-AD5B-7FC2B448A15B}
	EndGlobalSection
EndGlobal
